
Microsoft Visual Studio Solution File, Format Version 12.00
# Visual Studio 15
VisualStudioVersion = 15.0.27428.2037
MinimumVisualStudioVersion = 10.0.40219.1
Project("{FAE04EC0-301F-11D3-BF4B-00C04F79EFBC}") = "Decryption", "Decryption\Decryption.csproj", "{BD0C4291-009C-4F81-875F-1C02FCDA1640}"
EndProject
Global
	GlobalSection(SolutionConfigurationPlatforms) = preSolution
		Debug|Any CPU = Debug|Any CPU
		Release|Any CPU = Release|Any CPU
	EndGlobalSection
	GlobalSection(ProjectConfigurationPlatforms) = postSolution
		{BD0C4291-009C-4F81-875F-1C02FCDA1640}.Debug|Any CPU.ActiveCfg = Debug|Any CPU
		{BD0C4291-009C-4F81-875F-1C02FCDA1640}.Debug|Any CPU.Build.0 = Debug|Any CPU
		{BD0C4291-009C-4F81-875F-1C02FCDA1640}.Release|Any CPU.ActiveCfg = Release|Any CPU
		{BD0C4291-009C-4F81-875F-1C02FCDA1640}.Release|Any CPU.Build.0 = Release|Any CPU
	EndGlobalSection
	GlobalSection(SolutionProperties) = preSolution
		HideSolutionNode = FALSE
	EndGlobalSection
	GlobalSection(ExtensibilityGlobals) = postSolution
		SolutionGuid = {1CFC3F89-5788-4E73-84A1-0953034C8E3E}
	EndGlobalSection
EndGlobal
